// !$*UTF8*$!
{
	archiveVersion = 1;
	classes = {
	};
	objectVersion = 48;
	objects = {

/* Begin PBXBuildFile section */
		B4EBA8A120567BF60014725B /* AppDelegate.m in Sources */ = {isa = PBXBuildFile; fileRef = B4EBA8A020567BF60014725B /* AppDelegate.m */; };
		B4EBA8A420567BF60014725B /* ViewController.m in Sources */ = {isa = PBXBuildFile; fileRef = B4EBA8A320567BF60014725B /* ViewController.m */; };
		B4EBA8A720567BF60014725B /* Main.storyboard in Resources */ = {isa = PBXBuildFile; fileRef = B4EBA8A520567BF60014725B /* Main.storyboard */; };
		B4EBA8A920567BF60014725B /* Assets.xcassets in Resources */ = {isa = PBXBuildFile; fileRef = B4EBA8A820567BF60014725B /* Assets.xcassets */; };
		B4EBA8AC20567BF60014725B /* LaunchScreen.storyboard in Resources */ = {isa = PBXBuildFile; fileRef = B4EBA8AA20567BF60014725B /* LaunchScreen.storyboard */; };
		B4EBA8AF20567BF60014725B /* main.m in Sources */ = {isa = PBXBuildFile; fileRef = B4EBA8AE20567BF60014725B /* main.m */; };
/* End PBXBuildFile section */

/* Begin PBXFileReference section */
		B4EBA89C20567BF60014725B /* SubTree.app */ = {isa = PBXFileReference; explicitFileType = wrapper.application; includeInIndex = 0; path = SubTree.app; sourceTree = BUILT_PRODUCTS_DIR; };
		B4EBA89F20567BF60014725B /* AppDelegate.h */ = {isa = PBXFileReference; lastKnownFileType = sourcecode.c.h; path = AppDelegate.h; sourceTree = "<group>"; };
		B4EBA8A020567BF60014725B /* AppDelegate.m */ = {isa = PBXFileReference; lastKnownFileType = sourcecode.c.objc; path = AppDelegate.m; sourceTree = "<group>"; };
		B4EBA8A220567BF60014725B /* ViewController.h */ = {isa = PBXFileReference; lastKnownFileType = sourcecode.c.h; path = ViewController.h; sourceTree = "<group>"; };
		B4EBA8A320567BF60014725B /* ViewController.m */ = {isa = PBXFileReference; lastKnownFileType = sourcecode.c.objc; path = ViewController.m; sourceTree = "<group>"; };
		B4EBA8A620567BF60014725B /* Base */ = {isa = PBXFileReference; lastKnownFileType = file.storyboard; name = Base; path = Base.lproj/Main.storyboard; sourceTree = "<group>"; };
		B4EBA8A820567BF60014725B /* Assets.xcassets */ = {isa = PBXFileReference; lastKnownFileType = folder.assetcatalog; path = Assets.xcassets; sourceTree = "<group>"; };
		B4EBA8AB20567BF60014725B /* Base */ = {isa = PBXFileReference; lastKnownFileType = file.storyboard; name = Base; path = Base.lproj/LaunchScreen.storyboard; sourceTree = "<group>"; };
		B4EBA8AD20567BF60014725B /* Info.plist */ = {isa = PBXFileReference; lastKnownFileType = text.plist.xml; path = Info.plist; sourceTree = "<group>"; };
		B4EBA8AE20567BF60014725B /* main.m */ = {isa = PBXFileReference; lastKnownFileType = sourcecode.c.objc; path = main.m; sourceTree = "<group>"; };
/* End PBXFileReference section */

/* Begin PBXFrameworksBuildPhase section */
		B4EBA89920567BF60014725B /* Frameworks */ = {
			isa = PBXFrameworksBuildPhase;
			buildActionMask = 2147483647;
			files = (
			);
			runOnlyForDeploymentPostprocessing = 0;
		};
/* End PBXFrameworksBuildPhase section */

/* Begin PBXGroup section */
		B4EBA89320567BF60014725B = {
			isa = PBXGroup;
			children = (
				B4EBA89E20567BF60014725B /* SubTree */,
				B4EBA89D20567BF60014725B /* Products */,
			);
			sourceTree = "<group>";
		};
		B4EBA89D20567BF60014725B /* Products */ = {
			isa = PBXGroup;
			children = (
				B4EBA89C20567BF60014725B /* SubTree.app */,
			);
			name = Products;
			sourceTree = "<group>";
		};
		B4EBA89E20567BF60014725B /* SubTree */ = {
			isa = PBXGroup;
			children = (
				B4EBA89F20567BF60014725B /* AppDelegate.h */,
				B4EBA8A020567BF60014725B /* AppDelegate.m */,
				B4EBA8A220567BF60014725B /* ViewController.h */,
				B4EBA8A320567BF60014725B /* ViewController.m */,
				B4EBA8A520567BF60014725B /* Main.storyboard */,
				B4EBA8A820567BF60014725B /* Assets.xcassets */,
				B4EBA8AA20567BF60014725B /* LaunchScreen.storyboard */,
				B4EBA8AD20567BF60014725B /* Info.plist */,
				B4EBA8AE20567BF60014725B /* main.m */,
			);
			path = SubTree;
			sourceTree = "<group>";
		};
/* End PBXGroup section */

/* Begin PBXNativeTarget section */
		B4EBA89B20567BF60014725B /* SubTree */ = {
			isa = PBXNativeTarget;
			buildConfigurationList = B4EBA8B220567BF60014725B /* Build configuration list for PBXNativeTarget "SubTree" */;
			buildPhases = (
				B4EBA89820567BF60014725B /* Sources */,
				B4EBA89920567BF60014725B /* Frameworks */,
				B4EBA89A20567BF60014725B /* Resources */,
			);
			buildRules = (
			);
			dependencies = (
			);
			name = SubTree;
			productName = SubTree;
			productReference = B4EBA89C20567BF60014725B /* SubTree.app */;
			productType = "com.apple.product-type.application";
		};
/* End PBXNativeTarget section */

/* Begin PBXProject section */
		B4EBA89420567BF60014725B /* Project object */ = {
			isa = PBXProject;
			attributes = {
				LastUpgradeCheck = 0910;
				ORGANIZATIONNAME = kkwalle;
				TargetAttributes = {
					B4EBA89B20567BF60014725B = {
						CreatedOnToolsVersion = 9.1;
						ProvisioningStyle = Automatic;
					};
				};
			};
			buildConfigurationList = B4EBA89720567BF60014725B /* Build configuration list for PBXProject "SubTree" */;
			compatibilityVersion = "Xcode 8.0";
			developmentRegion = en;
			hasScannedForEncodings = 0;
			knownRegions = (
				en,
				Base,
			);
			mainGroup = B4EBA89320567BF60014725B;
			productRefGroup = B4EBA89D20567BF60014725B /* Products */;
			projectDirPath = "";
			projectRoot = "";
			targets = (
				B4EBA89B20567BF60014725B /* SubTree */,
			);
		};
/* End PBXProject section */

/* Begin PBXResourcesBuildPhase section */
		B4EBA89A20567BF60014725B /* Resources */ = {
			isa = PBXResourcesBuildPhase;
			buildActionMask = 2147483647;
			files = (
				B4EBA8AC20567BF60014725B /* LaunchScreen.storyboard in Resources */,
				B4EBA8A920567BF60014725B /* Assets.xcassets in Resources */,
				B4EBA8A720567BF60014725B /* Main.storyboard in Resources */,
			);
			runOnlyForDeploymentPostprocessing = 0;
		};
/* End PBXResourcesBuildPhase section */

/* Begin PBXSourcesBuildPhase section */
		B4EBA89820567BF60014725B /* Sources */ = {
			isa = PBXSourcesBuildPhase;
			buildActionMask = 2147483647;
			files = (
				B4EBA8A420567BF60014725B /* ViewController.m in Sources */,
				B4EBA8AF20567BF60014725B /* main.m in Sources */,
				B4EBA8A120567BF60014725B /* AppDelegate.m in Sources */,
			);
			runOnlyForDeploymentPostprocessing = 0;
		};
/* End PBXSourcesBuildPhase section */

/* Begin PBXVariantGroup section */
		B4EBA8A520567BF60014725B /* Main.storyboard */ = {
			isa = PBXVariantGroup;
			children = (
				B4EBA8A620567BF60014725B /* Base */,
			);
			name = Main.storyboard;
			sourceTree = "<group>";
		};
		B4EBA8AA20567BF60014725B /* LaunchScreen.storyboard */ = {
			isa = PBXVariantGroup;
			children = (
				B4EBA8AB20567BF60014725B /* Base */,
			);
			name = LaunchScreen.storyboard;
			sourceTree = "<group>";
		};
/* End PBXVariantGroup section */

/* Begin XCBuildConfiguration section */
		B4EBA8B020567BF60014725B /* Debug */ = {
			isa = XCBuildConfiguration;
			buildSettings = {
				ALWAYS_SEARCH_USER_PATHS = NO;
				CLANG_ANALYZER_NONNULL = YES;
				CLANG_ANALYZER_NUMBER_OBJECT_CONVERSION = YES_AGGRESSIVE;
				CLANG_CXX_LANGUAGE_STANDARD = "gnu++14";
				CLANG_CXX_LIBRARY = "libc++";
				CLANG_ENABLE_MODULES = YES;
				CLANG_ENABLE_OBJC_ARC = YES;
				CLANG_WARN_BLOCK_CAPTURE_AUTORELEASING = YES;
				CLANG_WARN_BOOL_CONVERSION = YES;
				CLANG_WARN_COMMA = YES;
				CLANG_WARN_CONSTANT_CONVERSION = YES;
				CLANG_WARN_DIRECT_OBJC_ISA_USAGE = YES_ERROR;
				CLANG_WARN_DOCUMENTATION_COMMENTS = YES;
				CLANG_WARN_EMPTY_BODY = YES;
				CLANG_WARN_ENUM_CONVERSION = YES;
				CLANG_WARN_INFINITE_RECURSION = YES;
				CLANG_WARN_INT_CONVERSION = YES;
				CLANG_WARN_NON_LITERAL_NULL_CONVERSION = YES;
				CLANG_WARN_OBJC_LITERAL_CONVERSION = YES;
				CLANG_WARN_OBJC_ROOT_CLASS = YES_ERROR;
				CLANG_WARN_RANGE_LOOP_ANALYSIS = YES;
				CLANG_WARN_STRICT_PROTOTYPES = YES;
				CLANG_WARN_SUSPICIOUS_MOVE = YES;
				CLANG_WARN_UNGUARDED_AVAILABILITY = YES_AGGRESSIVE;
				CLANG_WARN_UNREACHABLE_CODE = YES;
				CLANG_WARN__DUPLICATE_METHOD_MATCH = YES;
				CODE_SIGN_IDENTITY = "iPhone Developer";
				COPY_PHASE_STRIP = NO;
				DEBUG_INFORMATION_FORMAT = dwarf;
				ENABLE_STRICT_OBJC_MSGSEND = YES;
				ENABLE_TESTABILITY = YES;
				GCC_C_LANGUAGE_STANDARD = gnu11;
				GCC_DYNAMIC_NO_PIC = NO;
				GCC_NO_COMMON_BLOCKS = YES;
				GCC_OPTIMIZATION_LEVEL = 0;
				GCC_PREPROCESSOR_DEFINITIONS = (
					"DEBUG=1",
					"$(inherited)",
				);
				GCC_WARN_64_TO_32_BIT_CONVERSION = YES;
				GCC_WARN_ABOUT_RETURN_TYPE = YES_ERROR;
				GCC_WARN_UNDECLARED_SELECTOR = YES;
				GCC_WARN_UNINITIALIZED_AUTOS = YES_AGGRESSIVE;
				GCC_WARN_UNUSED_FUNCTION = YES;
				GCC_WARN_UNUSED_VARIABLE = YES;
				IPHONEOS_DEPLOYMENT_TARGET = 11.1;
				MTL_ENABLE_DEBUG_INFO = YES;
				ONLY_ACTIVE_ARCH = YES;
				SDKROOT = iphoneos;
			};
			name = Debug;
		};
		B4EBA8B120567BF60014725B /* Release */ = {
			isa = XCBuildConfiguration;
			buildSettings = {
				ALWAYS_SEARCH_USER_PATHS = NO;
				CLANG_ANALYZER_NONNULL = YES;
				CLANG_ANALYZER_NUMBER_OBJECT_CONVERSION = YES_AGGRESSIVE;
				CLANG_CXX_LANGUAGE_STANDARD = "gnu++14";
				CLANG_CXX_LIBRARY = "libc++";
				CLANG_ENABLE_MODULES = YES;
				CLANG_ENABLE_OBJC_ARC = YES;
				CLANG_WARN_BLOCK_CAPTURE_AUTORELEASING = YES;
				CLANG_WARN_BOOL_CONVERSION = YES;
				CLANG_WARN_COMMA = YES;
				CLANG_WARN_CONSTANT_CONVERSION = YES;
				CLANG_WARN_DIRECT_OBJC_ISA_USAGE = YES_ERROR;
				CLANG_WARN_DOCUMENTATION_COMMENTS = YES;
				CLANG_WARN_EMPTY_BODY = YES;
				CLANG_WARN_ENUM_CONVERSION = YES;
				CLANG_WARN_INFINITE_RECURSION = YES;
				CLANG_WARN_INT_CONVERSION = YES;
				CLANG_WARN_NON_LITERAL_NULL_CONVERSION = YES;
				CLANG_WARN_OBJC_LITERAL_CONVERSION = YES;
				CLANG_WARN_OBJC_ROOT_CLASS = YES_ERROR;
				CLANG_WARN_RANGE_LOOP_ANALYSIS = YES;
				CLANG_WARN_STRICT_PROTOTYPES = YES;
				CLANG_WARN_SUSPICIOUS_MOVE = YES;
				CLANG_WARN_UNGUARDED_AVAILABILITY = YES_AGGRESSIVE;
				CLANG_WARN_UNREACHABLE_CODE = YES;
				CLANG_WARN__DUPLICATE_METHOD_MATCH = YES;
				CODE_SIGN_IDENTITY = "iPhone Developer";
				COPY_PHASE_STRIP = NO;
				DEBUG_INFORMATION_FORMAT = "dwarf-with-dsym";
				ENABLE_NS_ASSERTIONS = NO;
				ENABLE_STRICT_OBJC_MSGSEND = YES;
				GCC_C_LANGUAGE_STANDARD = gnu11;
				GCC_NO_COMMON_BLOCKS = YES;
				GCC_WARN_64_TO_32_BIT_CONVERSION = YES;
				GCC_WARN_ABOUT_RETURN_TYPE = YES_ERROR;
				GCC_WARN_UNDECLARED_SELECTOR = YES;
				GCC_WARN_UNINITIALIZED_AUTOS = YES_AGGRESSIVE;
				GCC_WARN_UNUSED_FUNCTION = YES;
				GCC_WARN_UNUSED_VARIABLE = YES;
				IPHONEOS_DEPLOYMENT_TARGET = 11.1;
				MTL_ENABLE_DEBUG_INFO = NO;
				SDKROOT = iphoneos;
				VALIDATE_PRODUCT = YES;
			};
			name = Release;
		};
		B4EBA8B320567BF60014725B /* Debug */ = {
			isa = XCBuildConfiguration;
			buildSettings = {
				ASSETCATALOG_COMPILER_APPICON_NAME = AppIcon;
				CODE_SIGN_STYLE = Automatic;
				DEVELOPMENT_TEAM = FR8NHCMJQA;
				INFOPLIST_FILE = SubTree/Info.plist;
				LD_RUNPATH_SEARCH_PATHS = "$(inherited) @executable_path/Frameworks";
				PRODUCT_BUNDLE_IDENTIFIER = com.kkwalle.www.SubTree;
				PRODUCT_NAME = "$(TARGET_NAME)";
				TARGETED_DEVICE_FAMILY = "1,2";
			};
			name = Debug;
		};
		B4EBA8B420567BF60014725B /* Release */ = {
			isa = XCBuildConfiguration;
			buildSettings = {
				ASSETCATALOG_COMPILER_APPICON_NAME = AppIcon;
				CODE_SIGN_STYLE = Automatic;
				DEVELOPMENT_TEAM = FR8NHCMJQA;
				INFOPLIST_FILE = SubTree/Info.plist;
				LD_RUNPATH_SEARCH_PATHS = "$(inherited) @executable_path/Frameworks";
				PRODUCT_BUNDLE_IDENTIFIER = com.kkwalle.www.SubTree;
				PRODUCT_NAME = "$(TARGET_NAME)";
				TARGETED_DEVICE_FAMILY = "1,2";
			};
			name = Release;
		};
/* End XCBuildConfiguration section */

/* Begin XCConfigurationList section */
		B4EBA89720567BF60014725B /* Build configuration list for PBXProject "SubTree" */ = {
			isa = XCConfigurationList;
			buildConfigurations = (
				B4EBA8B020567BF60014725B /* Debug */,
				B4EBA8B120567BF60014725B /* Release */,
			);
			defaultConfigurationIsVisible = 0;
			defaultConfigurationName = Release;
		};
		B4EBA8B220567BF60014725B /* Build configuration list for PBXNativeTarget "SubTree" */ = {
			isa = XCConfigurationList;
			buildConfigurations = (
				B4EBA8B320567BF60014725B /* Debug */,
				B4EBA8B420567BF60014725B /* Release */,
			);
			defaultConfigurationIsVisible = 0;
			defaultConfigurationName = Release;
		};
/* End XCConfigurationList section */
	};
	rootObject = B4EBA89420567BF60014725B /* Project object */;
}
